
Microsoft Visual Studio Solution File, Format Version 12.00
# Visual Studio Version 17
VisualStudioVersion = 17.7.34031.279
MinimumVisualStudioVersion = 10.0.40219.1
Project("{FAE04EC0-301F-11D3-BF4B-00C04F79EFBC}") = "VectSharpDemo", "VectSharpDemo\VectSharpDemo.csproj", "{59E61603-4AB2-4AFD-8818-D5D0C469C692}"
EndProject
Global
	GlobalSection(SolutionConfigurationPlatforms) = preSolution
		Debug|Any CPU = Debug|Any CPU
		Release|Any CPU = Release|Any CPU
	EndGlobalSection
	GlobalSection(ProjectConfigurationPlatforms) = postSolution
		{59E61603-4AB2-4AFD-8818-D5D0C469C692}.Debug|Any CPU.ActiveCfg = Debug|Any CPU
		{59E61603-4AB2-4AFD-8818-D5D0C469C692}.Debug|Any CPU.Build.0 = Debug|Any CPU
		{59E61603-4AB2-4AFD-8818-D5D0C469C692}.Release|Any CPU.ActiveCfg = Release|Any CPU
		{59E61603-4AB2-4AFD-8818-D5D0C469C692}.Release|Any CPU.Build.0 = Release|Any CPU
	EndGlobalSection
	GlobalSection(SolutionProperties) = preSolution
		HideSolutionNode = FALSE
	EndGlobalSection
	GlobalSection(ExtensibilityGlobals) = postSolution
		SolutionGuid = {EF29DC73-069F-4372-97AA-9B3326CBB732}
	EndGlobalSection
EndGlobal
